
Microsoft Visual Studio Solution File, Format Version 12.00
# Visual Studio Version 17
VisualStudioVersion = 17.4.32916.344
MinimumVisualStudioVersion = 10.0.40219.1
Project("{FAE04EC0-301F-11D3-BF4B-00C04F79EFBC}") = "BlazorDynamicForm.Server", "BlazorDynamicForm\Server\BlazorDynamicForm.Server.csproj", "{8C035EFB-908A-4587-90B1-8AB151460DD0}"
EndProject
Project("{FAE04EC0-301F-11D3-BF4B-00C04F79EFBC}") = "BlazorDynamicForm.Client", "BlazorDynamicForm\Client\BlazorDynamicForm.Client.csproj", "{B66182E6-0BF0-4556-B009-E3CA8D0C6E96}"
EndProject
Project("{FAE04EC0-301F-11D3-BF4B-00C04F79EFBC}") = "BlazorDynamicForm.Shared", "BlazorDynamicForm\Shared\BlazorDynamicForm.Shared.csproj", "{72A6E795-D4DE-42E9-B192-3ADC30F420BD}"
EndProject
Global
	GlobalSection(SolutionConfigurationPlatforms) = preSolution
		Debug|Any CPU = Debug|Any CPU
		Release|Any CPU = Release|Any CPU
	EndGlobalSection
	GlobalSection(ProjectConfigurationPlatforms) = postSolution
		{8C035EFB-908A-4587-90B1-8AB151460DD0}.Debug|Any CPU.ActiveCfg = Debug|Any CPU
		{8C035EFB-908A-4587-90B1-8AB151460DD0}.Debug|Any CPU.Build.0 = Debug|Any CPU
		{8C035EFB-908A-4587-90B1-8AB151460DD0}.Release|Any CPU.ActiveCfg = Release|Any CPU
		{8C035EFB-908A-4587-90B1-8AB151460DD0}.Release|Any CPU.Build.0 = Release|Any CPU
		{B66182E6-0BF0-4556-B009-E3CA8D0C6E96}.Debug|Any CPU.ActiveCfg = Debug|Any CPU
		{B66182E6-0BF0-4556-B009-E3CA8D0C6E96}.Debug|Any CPU.Build.0 = Debug|Any CPU
		{B66182E6-0BF0-4556-B009-E3CA8D0C6E96}.Release|Any CPU.ActiveCfg = Release|Any CPU
		{B66182E6-0BF0-4556-B009-E3CA8D0C6E96}.Release|Any CPU.Build.0 = Release|Any CPU
		{72A6E795-D4DE-42E9-B192-3ADC30F420BD}.Debug|Any CPU.ActiveCfg = Debug|Any CPU
		{72A6E795-D4DE-42E9-B192-3ADC30F420BD}.Debug|Any CPU.Build.0 = Debug|Any CPU
		{72A6E795-D4DE-42E9-B192-3ADC30F420BD}.Release|Any CPU.ActiveCfg = Release|Any CPU
		{72A6E795-D4DE-42E9-B192-3ADC30F420BD}.Release|Any CPU.Build.0 = Release|Any CPU
	EndGlobalSection
	GlobalSection(SolutionProperties) = preSolution
		HideSolutionNode = FALSE
	EndGlobalSection
	GlobalSection(ExtensibilityGlobals) = postSolution
		SolutionGuid = {889AAE71-F235-4F4F-99EA-0DEF1FC8C9C0}
	EndGlobalSection
EndGlobal
